
Microsoft Visual Studio Solution File, Format Version 12.00
# Visual Studio Version 17
VisualStudioVersion = 17.12.35527.113 d17.12
MinimumVisualStudioVersion = 10.0.40219.1
Project("{FAE04EC0-301F-11D3-BF4B-00C04F79EFBC}") = "Eshop.Application", "Eshop.Application\Eshop.Application.csproj", "{5D60BD47-BD3A-463F-BE36-55FC17C410AF}"
EndProject
Project("{FAE04EC0-301F-11D3-BF4B-00C04F79EFBC}") = "Eshop.Data", "Eshop.Data\Eshop.Data.csproj", "{0B2780D8-3220-4E82-A22B-D96C147EA7C2}"
EndProject
Project("{FAE04EC0-301F-11D3-BF4B-00C04F79EFBC}") = "Eshop.Web", "Eshop.Web\Eshop.Web.csproj", "{40EEDA34-0175-4071-92DC-D44D5AB0F193}"
EndProject
Global
	GlobalSection(SolutionProperties) = preSolution
		HideSolutionNode = FALSE
	EndGlobalSection
	GlobalSection(ProjectConfigurationPlatforms) = postSolution
	EndGlobalSection
	GlobalSection(SolutionConfigurationPlatforms) = preSolution
	EndGlobalSection
EndGlobal
